{
  "version": 4,
  "terraform_version": "1.1.7",
  "serial": 54,
  "lineage": "3fd06bb0-544b-61ea-9432-8018a002a5b6",
  "outputs": {},
  "resources": [
    {
      "module": "module.aws_wordpress",
      "mode": "data",
      "type": "aws_ami",
      "name": "linux2",
      "provider": "module.aws_wordpress.provider[\"registry.terraform.io/hashicorp/aws\"]",
      "instances": [
        {
          "schema_version": 0,
          "attributes": {
            "architecture": "x86_64",
            "arn": "arn:aws:ec2:us-east-2::image/ami-07693758d0ebc2111",
            "block_device_mappings": [
              {
                "device_name": "/dev/xvda",
                "ebs": {
                  "delete_on_termination": "true",
                  "encrypted": "false",
                  "iops": "0",
                  "snapshot_id": "snap-0d53db4dbbc2a07fc",
                  "throughput": "0",
                  "volume_size": "8",
                  "volume_type": "gp2"
                },
                "no_device": "",
                "virtual_name": ""
              }
            ],
            "boot_mode": "",
            "creation_date": "2022-10-13T21:02:20.000Z",
            "deprecation_time": "2024-10-13T21:02:20.000Z",
            "description": "Amazon Linux 2 AMI 2.0.20221004.0 x86_64 HVM gp2",
            "ena_support": true,
            "executable_users": null,
            "filter": [
              {
                "name": "name",
                "values": [
                  "amzn2-ami-hvm-*-x86_64-gp2"
                ]
              },
              {
                "name": "virtualization-type",
                "values": [
                  "hvm"
                ]
              }
            ],
            "hypervisor": "xen",
            "id": "ami-07693758d0ebc2111",
            "image_id": "ami-07693758d0ebc2111",
            "image_location": "amazon/amzn2-ami-hvm-2.0.20221004.0-x86_64-gp2",
            "image_owner_alias": "amazon",
            "image_type": "machine",
            "include_deprecated": false,
            "kernel_id": "",
            "most_recent": true,
            "name": "amzn2-ami-hvm-2.0.20221004.0-x86_64-gp2",
            "name_regex": null,
            "owner_id": "137112412989",
            "owners": [
              "amazon"
            ],
            "platform": "",
            "platform_details": "Linux/UNIX",
            "product_codes": [],
            "public": true,
            "ramdisk_id": "",
            "root_device_name": "/dev/xvda",
            "root_device_type": "ebs",
            "root_snapshot_id": "snap-0d53db4dbbc2a07fc",
            "sriov_net_support": "simple",
            "state": "available",
            "state_reason": {
              "code": "UNSET",
              "message": "UNSET"
            },
            "tags": {},
            "timeouts": null,
            "tpm_support": "",
            "usage_operation": "RunInstances",
            "virtualization_type": "hvm"
          },
          "sensitive_attributes": []
        }
      ]
    },
    {
      "module": "module.aws_wordpress",
      "mode": "data",
      "type": "aws_ami",
      "name": "ubuntu",
      "provider": "module.aws_wordpress.provider[\"registry.terraform.io/hashicorp/aws\"]",
      "instances": [
        {
          "schema_version": 0,
          "attributes": {
            "architecture": "x86_64",
            "arn": "arn:aws:ec2:us-east-2::image/ami-0066d036f9777ec38",
            "block_device_mappings": [
              {
                "device_name": "/dev/sda1",
                "ebs": {
                  "delete_on_termination": "true",
                  "encrypted": "false",
                  "iops": "0",
                  "snapshot_id": "snap-0b8f89d248e1ffe7e",
                  "throughput": "0",
                  "volume_size": "8",
                  "volume_type": "gp2"
                },
                "no_device": "",
                "virtual_name": ""
              },
              {
                "device_name": "/dev/sdb",
                "ebs": {},
                "no_device": "",
                "virtual_name": "ephemeral0"
              },
              {
                "device_name": "/dev/sdc",
                "ebs": {},
                "no_device": "",
                "virtual_name": "ephemeral1"
              }
            ],
            "boot_mode": "",
            "creation_date": "2022-10-18T22:50:11.000Z",
            "deprecation_time": "2024-10-18T22:50:11.000Z",
            "description": "Canonical, Ubuntu, 20.04 LTS, amd64 focal image build on 2022-10-18",
            "ena_support": true,
            "executable_users": null,
            "filter": [
              {
                "name": "name",
                "values": [
                  "ubuntu/images/hvm-ssd/ubuntu-focal-20.04-amd64-server-*"
                ]
              },
              {
                "name": "virtualization-type",
                "values": [
                  "hvm"
                ]
              }
            ],
            "hypervisor": "xen",
            "id": "ami-0066d036f9777ec38",
            "image_id": "ami-0066d036f9777ec38",
            "image_location": "amazon/ubuntu/images/hvm-ssd/ubuntu-focal-20.04-amd64-server-20221018",
            "image_owner_alias": "amazon",
            "image_type": "machine",
            "include_deprecated": false,
            "kernel_id": "",
            "most_recent": true,
            "name": "ubuntu/images/hvm-ssd/ubuntu-focal-20.04-amd64-server-20221018",
            "name_regex": null,
            "owner_id": "099720109477",
            "owners": [
              "099720109477"
            ],
            "platform": "",
            "platform_details": "Linux/UNIX",
            "product_codes": [],
            "public": true,
            "ramdisk_id": "",
            "root_device_name": "/dev/sda1",
            "root_device_type": "ebs",
            "root_snapshot_id": "snap-0b8f89d248e1ffe7e",
            "sriov_net_support": "simple",
            "state": "available",
            "state_reason": {
              "code": "UNSET",
              "message": "UNSET"
            },
            "tags": {},
            "timeouts": null,
            "tpm_support": "",
            "usage_operation": "RunInstances",
            "virtualization_type": "hvm"
          },
          "sensitive_attributes": []
        }
      ]
    },
    {
      "module": "module.aws_wordpress",
      "mode": "data",
      "type": "template_file",
      "name": "user_data",
      "provider": "provider[\"registry.terraform.io/hashicorp/template\"]",
      "instances": [
        {
          "schema_version": 0,
          "attributes": {
            "filename": null,
            "id": "b079a1d185889631e448df22b6d719fae52a03d8503108a3baaee8b26db664fb",
            "rendered": "#!/bin/bash\n# AUTOMATIC WORDPRESS INSTALLER IN  AWS Ubuntu Server 20.04 LTS (HVM)\n\n# varaible will be populated by terraform template\ndb_username=tmroot\ndb_user_password=wPT3chM4n!Db\ndb_name=wordpresstechman_db\ndb_RDS=terraform-20221110135835656600000004.czuqiybxzo1w.us-east-2.rds.amazonaws.com:3306\n\n# install LAMP Server\napt update  -y\napt upgrade -y\napt update  -y\napt upgrade -y\n#install apache server\napt install -y apache2\n \n\n\napt install -y php\napt install -y php php-{pear,cgi,common,curl,mbstring,gd,mysqlnd,bcmath,json,xml,intl,zip,imap,imagick}\n\n\n\n#and download mysql package to yum  and install mysql client from yum\napt install -y mysql-client-core-8.0\n\n# starting apache  and register them to startup\n\nsystemctl enable --now  apache2\n\n\n# Change OWNER and permission of directory /var/www\nusermod -a -G www-data ubuntu\nchown -R ubuntu:www-data /var/www\nfind /var/www -type d -exec chmod 2775 {} \\;\nfind /var/www -type f -exec chmod 0664 {} \\;\n\n# #**********************Installing Wordpress manually********************************* \n# # Download wordpress package and extract\n# wget https://wordpress.org/latest.tar.gz\n# tar -xzf latest.tar.gz\n# cp -r wordpress/* /var/www/html/\n# # Create wordpress configuration file and update database value\n# cd /var/www/html\n# cp wp-config-sample.php wp-config.php\n# sed -i \"s/database_name_here/$db_name/g\" wp-config.php\n# sed -i \"s/username_here/$db_username/g\" wp-config.php\n# sed -i \"s/password_here/$db_user_password/g\" wp-config.php\n# sed -i \"s/localhost/$db_RDS/g\" wp-config.php\n# cat \u003c\u003cEOF \u003e\u003e/var/www/html/wp-config.php\n# define( 'FS_METHOD', 'direct' );\n# define('WP_MEMORY_LIMIT', '128M');\n# EOF\n\n#**********************Installing Wordpress using WP CLI********************************* \ncurl -O https://raw.githubusercontent.com/wp-cli/builds/gh-pages/phar/wp-cli.phar\nchmod +x wp-cli.phar\nmv wp-cli.phar /usr/local/bin/wp\nwp core download --path=/var/www/html --allow-root\nwp config create --dbname=$db_name --dbuser=$db_username --dbpass=$db_user_password --dbhost=$db_RDS --path=/var/www/html --allow-root --extra-php \u003c\u003cPHP\ndefine( 'FS_METHOD', 'direct' );\ndefine('WP_MEMORY_LIMIT', '128M');\nPHP\n\n\n\n\n# Change permission of /var/www/html/\nchown -R ubuntu:www-data /var/www/html\nchmod -R 774 /var/www/html\nrm /var/www/html/index.html\n#  enable .htaccess files in Apache config using sed command\nsed -i '/\u003cDirectory \\/var\\/www\\/\u003e/,/\u003c\\/Directory\u003e/ s/AllowOverride None/AllowOverride all/' /etc/apache2/apache2.conf\na2enmod rewrite\n\n# restart apache\n\nsystemctl restart apache2\necho WordPress Installed\n\n",
            "template": "#!/bin/bash\n# AUTOMATIC WORDPRESS INSTALLER IN  AWS Ubuntu Server 20.04 LTS (HVM)\n\n# varaible will be populated by terraform template\ndb_username=${db_username}\ndb_user_password=${db_user_password}\ndb_name=${db_name}\ndb_RDS=${db_RDS}\n\n# install LAMP Server\napt update  -y\napt upgrade -y\napt update  -y\napt upgrade -y\n#install apache server\napt install -y apache2\n \n\n\napt install -y php\napt install -y php php-{pear,cgi,common,curl,mbstring,gd,mysqlnd,bcmath,json,xml,intl,zip,imap,imagick}\n\n\n\n#and download mysql package to yum  and install mysql client from yum\napt install -y mysql-client-core-8.0\n\n# starting apache  and register them to startup\n\nsystemctl enable --now  apache2\n\n\n# Change OWNER and permission of directory /var/www\nusermod -a -G www-data ubuntu\nchown -R ubuntu:www-data /var/www\nfind /var/www -type d -exec chmod 2775 {} \\;\nfind /var/www -type f -exec chmod 0664 {} \\;\n\n# #**********************Installing Wordpress manually********************************* \n# # Download wordpress package and extract\n# wget https://wordpress.org/latest.tar.gz\n# tar -xzf latest.tar.gz\n# cp -r wordpress/* /var/www/html/\n# # Create wordpress configuration file and update database value\n# cd /var/www/html\n# cp wp-config-sample.php wp-config.php\n# sed -i \"s/database_name_here/$db_name/g\" wp-config.php\n# sed -i \"s/username_here/$db_username/g\" wp-config.php\n# sed -i \"s/password_here/$db_user_password/g\" wp-config.php\n# sed -i \"s/localhost/$db_RDS/g\" wp-config.php\n# cat \u003c\u003cEOF \u003e\u003e/var/www/html/wp-config.php\n# define( 'FS_METHOD', 'direct' );\n# define('WP_MEMORY_LIMIT', '128M');\n# EOF\n\n#**********************Installing Wordpress using WP CLI********************************* \ncurl -O https://raw.githubusercontent.com/wp-cli/builds/gh-pages/phar/wp-cli.phar\nchmod +x wp-cli.phar\nmv wp-cli.phar /usr/local/bin/wp\nwp core download --path=/var/www/html --allow-root\nwp config create --dbname=$db_name --dbuser=$db_username --dbpass=$db_user_password --dbhost=$db_RDS --path=/var/www/html --allow-root --extra-php \u003c\u003cPHP\ndefine( 'FS_METHOD', 'direct' );\ndefine('WP_MEMORY_LIMIT', '128M');\nPHP\n\n\n\n\n# Change permission of /var/www/html/\nchown -R ubuntu:www-data /var/www/html\nchmod -R 774 /var/www/html\nrm /var/www/html/index.html\n#  enable .htaccess files in Apache config using sed command\nsed -i '/\u003cDirectory \\/var\\/www\\/\u003e/,/\u003c\\/Directory\u003e/ s/AllowOverride None/AllowOverride all/' /etc/apache2/apache2.conf\na2enmod rewrite\n\n# restart apache\n\nsystemctl restart apache2\necho WordPress Installed\n\n",
            "vars": {
              "db_RDS": "terraform-20221110135835656600000004.czuqiybxzo1w.us-east-2.rds.amazonaws.com:3306",
              "db_name": "wordpresstechman_db",
              "db_user_password": "wPT3chM4n!Db",
              "db_username": "tmroot"
            }
          },
          "sensitive_attributes": []
        }
      ]
    },
    {
      "module": "module.aws_wordpress",
      "mode": "managed",
      "type": "aws_db_instance",
      "name": "wordpressdb",
      "provider": "module.aws_wordpress.provider[\"registry.terraform.io/hashicorp/aws\"]",
      "instances": [
        {
          "schema_version": 1,
          "attributes": {
            "address": "terraform-20221110135835656600000004.czuqiybxzo1w.us-east-2.rds.amazonaws.com",
            "allocated_storage": 10,
            "allow_major_version_upgrade": null,
            "apply_immediately": null,
            "arn": "arn:aws:rds:us-east-2:663466631530:db:terraform-20221110135835656600000004",
            "auto_minor_version_upgrade": true,
            "availability_zone": "us-east-2c",
            "backup_retention_period": 0,
            "backup_window": "08:41-09:11",
            "ca_cert_identifier": "rds-ca-2019",
            "character_set_name": "",
            "copy_tags_to_snapshot": false,
            "customer_owned_ip_enabled": false,
            "db_name": "wordpresstechman_db",
            "db_subnet_group_name": "terraform-20221110135829549600000002",
            "delete_automated_backups": true,
            "deletion_protection": false,
            "domain": "",
            "domain_iam_role_name": "",
            "enabled_cloudwatch_logs_exports": [],
            "endpoint": "terraform-20221110135835656600000004.czuqiybxzo1w.us-east-2.rds.amazonaws.com:3306",
            "engine": "mysql",
            "engine_version": "5.7",
            "engine_version_actual": "5.7.38",
            "final_snapshot_identifier": null,
            "hosted_zone_id": "Z2XHWR1WZ565X2",
            "iam_database_authentication_enabled": false,
            "id": "terraform-20221110135835656600000004",
            "identifier": "terraform-20221110135835656600000004",
            "identifier_prefix": "terraform-",
            "instance_class": "db.t2.micro",
            "iops": 0,
            "kms_key_id": "",
            "latest_restorable_time": "",
            "license_model": "general-public-license",
            "maintenance_window": "sat:07:38-sat:08:08",
            "max_allocated_storage": 0,
            "monitoring_interval": 0,
            "monitoring_role_arn": "",
            "multi_az": false,
            "name": "wordpresstechman_db",
            "nchar_character_set_name": "",
            "network_type": "IPV4",
            "option_group_name": "default:mysql-5-7",
            "parameter_group_name": "default.mysql5.7",
            "password": "wPT3chM4n!Db",
            "performance_insights_enabled": false,
            "performance_insights_kms_key_id": "",
            "performance_insights_retention_period": 0,
            "port": 3306,
            "publicly_accessible": false,
            "replica_mode": "",
            "replicas": [],
            "replicate_source_db": "",
            "resource_id": "db-NICDKHCFADLAP37TQ7LVVS5ZJM",
            "restore_to_point_in_time": [],
            "s3_import": [],
            "security_group_names": [],
            "skip_final_snapshot": true,
            "snapshot_identifier": null,
            "status": "available",
            "storage_encrypted": false,
            "storage_type": "gp2",
            "tags": {},
            "tags_all": {},
            "timeouts": null,
            "timezone": "",
            "username": "tmroot",
            "vpc_security_group_ids": [
              "sg-0fe1a46aa648380a7"
            ]
          },
          "sensitive_attributes": [],
          "private": "eyJlMmJmYjczMC1lY2FhLTExZTYtOGY4OC0zNDM2M2JjN2M0YzAiOnsiY3JlYXRlIjoyNDAwMDAwMDAwMDAwLCJkZWxldGUiOjM2MDAwMDAwMDAwMDAsInVwZGF0ZSI6NDgwMDAwMDAwMDAwMH0sInNjaGVtYV92ZXJzaW9uIjoiMSJ9",
          "dependencies": [
            "module.aws_wordpress.aws_db_subnet_group.RDS_subnet_grp",
            "module.aws_wordpress.aws_security_group.RDS_allow_rule",
            "module.aws_wordpress.aws_security_group.ec2_allow_rule",
            "module.aws_wordpress.aws_subnet.prod-subnet-private-1",
            "module.aws_wordpress.aws_subnet.prod-subnet-private-2",
            "module.aws_wordpress.aws_vpc.prod-vpc"
          ]
        }
      ]
    },
    {
      "module": "module.aws_wordpress",
      "mode": "managed",
      "type": "aws_db_subnet_group",
      "name": "RDS_subnet_grp",
      "provider": "module.aws_wordpress.provider[\"registry.terraform.io/hashicorp/aws\"]",
      "instances": [
        {
          "schema_version": 0,
          "attributes": {
            "arn": "arn:aws:rds:us-east-2:663466631530:subgrp:terraform-20221110135829549600000002",
            "description": "Managed by Terraform",
            "id": "terraform-20221110135829549600000002",
            "name": "terraform-20221110135829549600000002",
            "name_prefix": "terraform-",
            "subnet_ids": [
              "subnet-00ba9192349b3ef86",
              "subnet-0638a39b92b4a7d0a"
            ],
            "supported_network_types": [
              "IPV4"
            ],
            "tags": {},
            "tags_all": {}
          },
          "sensitive_attributes": [],
          "private": "bnVsbA==",
          "dependencies": [
            "module.aws_wordpress.aws_subnet.prod-subnet-private-1",
            "module.aws_wordpress.aws_subnet.prod-subnet-private-2",
            "module.aws_wordpress.aws_vpc.prod-vpc"
          ]
        }
      ]
    },
    {
      "module": "module.aws_wordpress",
      "mode": "managed",
      "type": "aws_eip",
      "name": "eip",
      "provider": "module.aws_wordpress.provider[\"registry.terraform.io/hashicorp/aws\"]",
      "instances": [
        {
          "schema_version": 0,
          "attributes": {
            "address": null,
            "allocation_id": "eipalloc-06fcce4c1f1fd5620",
            "associate_with_private_ip": null,
            "association_id": "eipassoc-035992b44129f5840",
            "carrier_ip": "",
            "customer_owned_ip": "",
            "customer_owned_ipv4_pool": "",
            "domain": "vpc",
            "id": "eipalloc-06fcce4c1f1fd5620",
            "instance": "i-06d154181abdd4a67",
            "network_border_group": "us-east-2",
            "network_interface": "eni-088c90d670f92c84b",
            "private_dns": "ip-10-0-1-163.us-east-2.compute.internal",
            "private_ip": "10.0.1.163",
            "public_dns": "ec2-3-128-216-102.us-east-2.compute.amazonaws.com",
            "public_ip": "3.128.216.102",
            "public_ipv4_pool": "amazon",
            "tags": {},
            "tags_all": {},
            "timeouts": null,
            "vpc": true
          },
          "sensitive_attributes": [],
          "private": "eyJlMmJmYjczMC1lY2FhLTExZTYtOGY4OC0zNDM2M2JjN2M0YzAiOnsiZGVsZXRlIjoxODAwMDAwMDAwMDAsInJlYWQiOjkwMDAwMDAwMDAwMCwidXBkYXRlIjozMDAwMDAwMDAwMDB9fQ==",
          "dependencies": [
            "module.aws_wordpress.aws_db_instance.wordpressdb",
            "module.aws_wordpress.aws_db_subnet_group.RDS_subnet_grp",
            "module.aws_wordpress.aws_instance.wordpressec2",
            "module.aws_wordpress.aws_key_pair.mykey-pair",
            "module.aws_wordpress.aws_security_group.RDS_allow_rule",
            "module.aws_wordpress.aws_security_group.ec2_allow_rule",
            "module.aws_wordpress.aws_subnet.prod-subnet-private-1",
            "module.aws_wordpress.aws_subnet.prod-subnet-private-2",
            "module.aws_wordpress.aws_subnet.prod-subnet-public-1",
            "module.aws_wordpress.aws_vpc.prod-vpc",
            "module.aws_wordpress.data.aws_ami.linux2",
            "module.aws_wordpress.data.aws_ami.ubuntu",
            "module.aws_wordpress.data.template_file.user_data"
          ]
        }
      ]
    },
    {
      "module": "module.aws_wordpress",
      "mode": "managed",
      "type": "aws_instance",
      "name": "wordpressec2",
      "provider": "module.aws_wordpress.provider[\"registry.terraform.io/hashicorp/aws\"]",
      "instances": [
        {
          "schema_version": 1,
          "attributes": {
            "ami": "ami-0066d036f9777ec38",
            "arn": "arn:aws:ec2:us-east-2:663466631530:instance/i-06d154181abdd4a67",
            "associate_public_ip_address": true,
            "availability_zone": "us-east-2a",
            "capacity_reservation_specification": [
              {
                "capacity_reservation_preference": "open",
                "capacity_reservation_target": []
              }
            ],
            "cpu_core_count": 1,
            "cpu_threads_per_core": 1,
            "credit_specification": [
              {
                "cpu_credits": "standard"
              }
            ],
            "disable_api_stop": false,
            "disable_api_termination": false,
            "ebs_block_device": [],
            "ebs_optimized": false,
            "enclave_options": [
              {
                "enabled": false
              }
            ],
            "ephemeral_block_device": [],
            "get_password_data": false,
            "hibernation": false,
            "host_id": null,
            "host_resource_group_arn": null,
            "iam_instance_profile": "",
            "id": "i-06d154181abdd4a67",
            "instance_initiated_shutdown_behavior": "stop",
            "instance_state": "running",
            "instance_type": "t2.micro",
            "ipv6_address_count": 0,
            "ipv6_addresses": [],
            "key_name": "mykey-pair",
            "launch_template": [],
            "maintenance_options": [
              {
                "auto_recovery": "default"
              }
            ],
            "metadata_options": [
              {
                "http_endpoint": "enabled",
                "http_put_response_hop_limit": 1,
                "http_tokens": "optional",
                "instance_metadata_tags": "disabled"
              }
            ],
            "monitoring": false,
            "network_interface": [],
            "outpost_arn": "",
            "password_data": "",
            "placement_group": "",
            "placement_partition_number": null,
            "primary_network_interface_id": "eni-088c90d670f92c84b",
            "private_dns": "ip-10-0-1-163.us-east-2.compute.internal",
            "private_dns_name_options": [
              {
                "enable_resource_name_dns_a_record": false,
                "enable_resource_name_dns_aaaa_record": false,
                "hostname_type": "ip-name"
              }
            ],
            "private_ip": "10.0.1.163",
            "public_dns": "ec2-3-128-216-102.us-east-2.compute.amazonaws.com",
            "public_ip": "3.128.216.102",
            "root_block_device": [
              {
                "delete_on_termination": true,
                "device_name": "/dev/sda1",
                "encrypted": false,
                "iops": 100,
                "kms_key_id": "",
                "tags": {},
                "throughput": 0,
                "volume_id": "vol-0430369e422bab9e7",
                "volume_size": 22,
                "volume_type": "gp2"
              }
            ],
            "secondary_private_ips": [],
            "security_groups": [],
            "source_dest_check": true,
            "subnet_id": "subnet-0c1a3d6dbe037469d",
            "tags": {
              "Name": "Wordpress.web"
            },
            "tags_all": {
              "Name": "Wordpress.web"
            },
            "tenancy": "default",
            "timeouts": null,
            "user_data": "6d0c7c182597e8c79b58c05d27fdd47cd7deaec3",
            "user_data_base64": null,
            "user_data_replace_on_change": false,
            "volume_tags": null,
            "vpc_security_group_ids": [
              "sg-01b459c821aac58a2"
            ]
          },
          "sensitive_attributes": [],
          "private": "eyJlMmJmYjczMC1lY2FhLTExZTYtOGY4OC0zNDM2M2JjN2M0YzAiOnsiY3JlYXRlIjo2MDAwMDAwMDAwMDAsImRlbGV0ZSI6MTIwMDAwMDAwMDAwMCwidXBkYXRlIjo2MDAwMDAwMDAwMDB9LCJzY2hlbWFfdmVyc2lvbiI6IjEifQ==",
          "dependencies": [
            "module.aws_wordpress.aws_db_instance.wordpressdb",
            "module.aws_wordpress.aws_db_subnet_group.RDS_subnet_grp",
            "module.aws_wordpress.aws_key_pair.mykey-pair",
            "module.aws_wordpress.aws_security_group.RDS_allow_rule",
            "module.aws_wordpress.aws_security_group.ec2_allow_rule",
            "module.aws_wordpress.aws_subnet.prod-subnet-private-1",
            "module.aws_wordpress.aws_subnet.prod-subnet-private-2",
            "module.aws_wordpress.aws_subnet.prod-subnet-public-1",
            "module.aws_wordpress.aws_vpc.prod-vpc",
            "module.aws_wordpress.data.aws_ami.linux2",
            "module.aws_wordpress.data.aws_ami.ubuntu",
            "module.aws_wordpress.data.template_file.user_data"
          ]
        }
      ]
    },
    {
      "module": "module.aws_wordpress",
      "mode": "managed",
      "type": "aws_internet_gateway",
      "name": "prod-igw",
      "provider": "module.aws_wordpress.provider[\"registry.terraform.io/hashicorp/aws\"]",
      "instances": [
        {
          "schema_version": 0,
          "attributes": {
            "arn": "arn:aws:ec2:us-east-2:663466631530:internet-gateway/igw-0016a799948ab6b33",
            "id": "igw-0016a799948ab6b33",
            "owner_id": "663466631530",
            "tags": {},
            "tags_all": {},
            "timeouts": null,
            "vpc_id": "vpc-0da116eb534800888"
          },
          "sensitive_attributes": [],
          "private": "eyJlMmJmYjczMC1lY2FhLTExZTYtOGY4OC0zNDM2M2JjN2M0YzAiOnsiY3JlYXRlIjoxMjAwMDAwMDAwMDAwLCJkZWxldGUiOjEyMDAwMDAwMDAwMDAsInVwZGF0ZSI6MTIwMDAwMDAwMDAwMH19",
          "dependencies": [
            "module.aws_wordpress.aws_vpc.prod-vpc"
          ]
        }
      ]
    },
    {
      "module": "module.aws_wordpress",
      "mode": "managed",
      "type": "aws_key_pair",
      "name": "mykey-pair",
      "provider": "module.aws_wordpress.provider[\"registry.terraform.io/hashicorp/aws\"]",
      "instances": [
        {
          "schema_version": 1,
          "attributes": {
            "arn": "arn:aws:ec2:us-east-2:663466631530:key-pair/mykey-pair",
            "fingerprint": "f0:31:cf:09:79:65:f7:c4:22:b5:89:00:ba:37:36:1a",
            "id": "mykey-pair",
            "key_name": "mykey-pair",
            "key_name_prefix": "",
            "key_pair_id": "key-08dab0704f92dab8e",
            "key_type": "rsa",
            "public_key": "ssh-rsa AAAAB3NzaC1yc2EAAAADAQABAAABgQCmDKkyoLkavZVefu+1CVWkPCmi1ICtAreccpCaT2pD0ERDZmN1BtcIixZ4K68fXqOCOYGfDM7MXbvCYsJG/zALmiYEj8CNPqSAPzidGTcrIgqYhcaO4GHXiALGDjzbYBKK18uWBx1Ij1TcJ7v4NVklnjc0qr8vaCpcm1uLHoNqoab6/LhVIsk27fSnRzBn7itRlficAVXX4Q8CIe7+eohxvN7/UlyBGASnjZvMvs8AT/27MNK+oVoYTsW939o/71trf9XXnqXwylGtGU3L/Bu8WUxRBImvs4RgCjHK0ui85dZeJ6pocjAEEn/EVh4jbnsLOqiB/GiOxLQL7HBLiFcrlf65I35GqthRCUeak9OaUKjkhBHINxbfvLBNcf9rEQy2IXrUd6pflCWSp5WGMbf9wSk/IIQTmOB49O3JNoeg11NYO+7cdCaU+wIkeqi1xb/+csP0nPA/B95mxYrW3v+LUIS+4V+A4JY8ha8cnO9K3X+L5bZo7bPqNdShkFST3Js= root@DESKTOP-Q119HE6",
            "tags": {},
            "tags_all": {}
          },
          "sensitive_attributes": [],
          "private": "eyJzY2hlbWFfdmVyc2lvbiI6IjEifQ=="
        }
      ]
    },
    {
      "module": "module.aws_wordpress",
      "mode": "managed",
      "type": "aws_route_table",
      "name": "prod-public-crt",
      "provider": "module.aws_wordpress.provider[\"registry.terraform.io/hashicorp/aws\"]",
      "instances": [
        {
          "schema_version": 0,
          "attributes": {
            "arn": "arn:aws:ec2:us-east-2:663466631530:route-table/rtb-07490ace2e6648a8e",
            "id": "rtb-07490ace2e6648a8e",
            "owner_id": "663466631530",
            "propagating_vgws": [],
            "route": [
              {
                "carrier_gateway_id": "",
                "cidr_block": "0.0.0.0/0",
                "core_network_arn": "",
                "destination_prefix_list_id": "",
                "egress_only_gateway_id": "",
                "gateway_id": "igw-0016a799948ab6b33",
                "instance_id": "",
                "ipv6_cidr_block": "",
                "local_gateway_id": "",
                "nat_gateway_id": "",
                "network_interface_id": "",
                "transit_gateway_id": "",
                "vpc_endpoint_id": "",
                "vpc_peering_connection_id": ""
              }
            ],
            "tags": {},
            "tags_all": {},
            "timeouts": null,
            "vpc_id": "vpc-0da116eb534800888"
          },
          "sensitive_attributes": [],
          "private": "eyJlMmJmYjczMC1lY2FhLTExZTYtOGY4OC0zNDM2M2JjN2M0YzAiOnsiY3JlYXRlIjozMDAwMDAwMDAwMDAsImRlbGV0ZSI6MzAwMDAwMDAwMDAwLCJ1cGRhdGUiOjEyMDAwMDAwMDAwMH19",
          "dependencies": [
            "module.aws_wordpress.aws_internet_gateway.prod-igw",
            "module.aws_wordpress.aws_vpc.prod-vpc"
          ]
        }
      ]
    },
    {
      "module": "module.aws_wordpress",
      "mode": "managed",
      "type": "aws_route_table_association",
      "name": "prod-crta-public-subnet-1",
      "provider": "module.aws_wordpress.provider[\"registry.terraform.io/hashicorp/aws\"]",
      "instances": [
        {
          "schema_version": 0,
          "attributes": {
            "gateway_id": "",
            "id": "rtbassoc-01c86edabc1d6dadb",
            "route_table_id": "rtb-07490ace2e6648a8e",
            "subnet_id": "subnet-0c1a3d6dbe037469d"
          },
          "sensitive_attributes": [],
          "private": "bnVsbA==",
          "dependencies": [
            "module.aws_wordpress.aws_internet_gateway.prod-igw",
            "module.aws_wordpress.aws_route_table.prod-public-crt",
            "module.aws_wordpress.aws_subnet.prod-subnet-public-1",
            "module.aws_wordpress.aws_vpc.prod-vpc"
          ]
        }
      ]
    },
    {
      "module": "module.aws_wordpress",
      "mode": "managed",
      "type": "aws_security_group",
      "name": "RDS_allow_rule",
      "provider": "module.aws_wordpress.provider[\"registry.terraform.io/hashicorp/aws\"]",
      "instances": [
        {
          "schema_version": 1,
          "attributes": {
            "arn": "arn:aws:ec2:us-east-2:663466631530:security-group/sg-0fe1a46aa648380a7",
            "description": "Managed by Terraform",
            "egress": [
              {
                "cidr_blocks": [
                  "0.0.0.0/0"
                ],
                "description": "",
                "from_port": 0,
                "ipv6_cidr_blocks": [],
                "prefix_list_ids": [],
                "protocol": "-1",
                "security_groups": [],
                "self": false,
                "to_port": 0
              }
            ],
            "id": "sg-0fe1a46aa648380a7",
            "ingress": [
              {
                "cidr_blocks": [],
                "description": "",
                "from_port": 3306,
                "ipv6_cidr_blocks": [],
                "prefix_list_ids": [],
                "protocol": "tcp",
                "security_groups": [
                  "sg-01b459c821aac58a2"
                ],
                "self": false,
                "to_port": 3306
              }
            ],
            "name": "terraform-20221110135832312300000003",
            "name_prefix": "terraform-",
            "owner_id": "663466631530",
            "revoke_rules_on_delete": false,
            "tags": {
              "Name": "allow ec2"
            },
            "tags_all": {
              "Name": "allow ec2"
            },
            "timeouts": null,
            "vpc_id": "vpc-0da116eb534800888"
          },
          "sensitive_attributes": [],
          "private": "eyJlMmJmYjczMC1lY2FhLTExZTYtOGY4OC0zNDM2M2JjN2M0YzAiOnsiY3JlYXRlIjo2MDAwMDAwMDAwMDAsImRlbGV0ZSI6OTAwMDAwMDAwMDAwfSwic2NoZW1hX3ZlcnNpb24iOiIxIn0=",
          "dependencies": [
            "module.aws_wordpress.aws_security_group.ec2_allow_rule",
            "module.aws_wordpress.aws_vpc.prod-vpc"
          ]
        }
      ]
    },
    {
      "module": "module.aws_wordpress",
      "mode": "managed",
      "type": "aws_security_group",
      "name": "ec2_allow_rule",
      "provider": "module.aws_wordpress.provider[\"registry.terraform.io/hashicorp/aws\"]",
      "instances": [
        {
          "schema_version": 1,
          "attributes": {
            "arn": "arn:aws:ec2:us-east-2:663466631530:security-group/sg-01b459c821aac58a2",
            "description": "Managed by Terraform",
            "egress": [
              {
                "cidr_blocks": [
                  "0.0.0.0/0"
                ],
                "description": "",
                "from_port": 0,
                "ipv6_cidr_blocks": [],
                "prefix_list_ids": [],
                "protocol": "-1",
                "security_groups": [],
                "self": false,
                "to_port": 0
              }
            ],
            "id": "sg-01b459c821aac58a2",
            "ingress": [
              {
                "cidr_blocks": [
                  "0.0.0.0/0"
                ],
                "description": "HTTP",
                "from_port": 80,
                "ipv6_cidr_blocks": [],
                "prefix_list_ids": [],
                "protocol": "tcp",
                "security_groups": [],
                "self": false,
                "to_port": 80
              },
              {
                "cidr_blocks": [
                  "0.0.0.0/0"
                ],
                "description": "HTTPS",
                "from_port": 443,
                "ipv6_cidr_blocks": [],
                "prefix_list_ids": [],
                "protocol": "tcp",
                "security_groups": [],
                "self": false,
                "to_port": 443
              },
              {
                "cidr_blocks": [
                  "0.0.0.0/0"
                ],
                "description": "MYSQL",
                "from_port": 3306,
                "ipv6_cidr_blocks": [],
                "prefix_list_ids": [],
                "protocol": "tcp",
                "security_groups": [],
                "self": false,
                "to_port": 3306
              },
              {
                "cidr_blocks": [
                  "0.0.0.0/0"
                ],
                "description": "SSH",
                "from_port": 22,
                "ipv6_cidr_blocks": [],
                "prefix_list_ids": [],
                "protocol": "tcp",
                "security_groups": [],
                "self": false,
                "to_port": 22
              }
            ],
            "name": "terraform-20221110135828340500000001",
            "name_prefix": "terraform-",
            "owner_id": "663466631530",
            "revoke_rules_on_delete": false,
            "tags": {
              "Name": "allow ssh,http,https"
            },
            "tags_all": {
              "Name": "allow ssh,http,https"
            },
            "timeouts": null,
            "vpc_id": "vpc-0da116eb534800888"
          },
          "sensitive_attributes": [],
          "private": "eyJlMmJmYjczMC1lY2FhLTExZTYtOGY4OC0zNDM2M2JjN2M0YzAiOnsiY3JlYXRlIjo2MDAwMDAwMDAwMDAsImRlbGV0ZSI6OTAwMDAwMDAwMDAwfSwic2NoZW1hX3ZlcnNpb24iOiIxIn0=",
          "dependencies": [
            "module.aws_wordpress.aws_vpc.prod-vpc"
          ]
        }
      ]
    },
    {
      "module": "module.aws_wordpress",
      "mode": "managed",
      "type": "aws_subnet",
      "name": "prod-subnet-private-1",
      "provider": "module.aws_wordpress.provider[\"registry.terraform.io/hashicorp/aws\"]",
      "instances": [
        {
          "schema_version": 1,
          "attributes": {
            "arn": "arn:aws:ec2:us-east-2:663466631530:subnet/subnet-00ba9192349b3ef86",
            "assign_ipv6_address_on_creation": false,
            "availability_zone": "us-east-2b",
            "availability_zone_id": "use2-az2",
            "cidr_block": "10.0.2.0/24",
            "customer_owned_ipv4_pool": "",
            "enable_dns64": false,
            "enable_resource_name_dns_a_record_on_launch": false,
            "enable_resource_name_dns_aaaa_record_on_launch": false,
            "id": "subnet-00ba9192349b3ef86",
            "ipv6_cidr_block": "",
            "ipv6_cidr_block_association_id": "",
            "ipv6_native": false,
            "map_customer_owned_ip_on_launch": false,
            "map_public_ip_on_launch": false,
            "outpost_arn": "",
            "owner_id": "663466631530",
            "private_dns_hostname_type_on_launch": "ip-name",
            "tags": {},
            "tags_all": {},
            "timeouts": null,
            "vpc_id": "vpc-0da116eb534800888"
          },
          "sensitive_attributes": [],
          "private": "eyJlMmJmYjczMC1lY2FhLTExZTYtOGY4OC0zNDM2M2JjN2M0YzAiOnsiY3JlYXRlIjo2MDAwMDAwMDAwMDAsImRlbGV0ZSI6MTIwMDAwMDAwMDAwMH0sInNjaGVtYV92ZXJzaW9uIjoiMSJ9",
          "dependencies": [
            "module.aws_wordpress.aws_vpc.prod-vpc"
          ]
        }
      ]
    },
    {
      "module": "module.aws_wordpress",
      "mode": "managed",
      "type": "aws_subnet",
      "name": "prod-subnet-private-2",
      "provider": "module.aws_wordpress.provider[\"registry.terraform.io/hashicorp/aws\"]",
      "instances": [
        {
          "schema_version": 1,
          "attributes": {
            "arn": "arn:aws:ec2:us-east-2:663466631530:subnet/subnet-0638a39b92b4a7d0a",
            "assign_ipv6_address_on_creation": false,
            "availability_zone": "us-east-2c",
            "availability_zone_id": "use2-az3",
            "cidr_block": "10.0.3.0/24",
            "customer_owned_ipv4_pool": "",
            "enable_dns64": false,
            "enable_resource_name_dns_a_record_on_launch": false,
            "enable_resource_name_dns_aaaa_record_on_launch": false,
            "id": "subnet-0638a39b92b4a7d0a",
            "ipv6_cidr_block": "",
            "ipv6_cidr_block_association_id": "",
            "ipv6_native": false,
            "map_customer_owned_ip_on_launch": false,
            "map_public_ip_on_launch": false,
            "outpost_arn": "",
            "owner_id": "663466631530",
            "private_dns_hostname_type_on_launch": "ip-name",
            "tags": {},
            "tags_all": {},
            "timeouts": null,
            "vpc_id": "vpc-0da116eb534800888"
          },
          "sensitive_attributes": [],
          "private": "eyJlMmJmYjczMC1lY2FhLTExZTYtOGY4OC0zNDM2M2JjN2M0YzAiOnsiY3JlYXRlIjo2MDAwMDAwMDAwMDAsImRlbGV0ZSI6MTIwMDAwMDAwMDAwMH0sInNjaGVtYV92ZXJzaW9uIjoiMSJ9",
          "dependencies": [
            "module.aws_wordpress.aws_vpc.prod-vpc"
          ]
        }
      ]
    },
    {
      "module": "module.aws_wordpress",
      "mode": "managed",
      "type": "aws_subnet",
      "name": "prod-subnet-public-1",
      "provider": "module.aws_wordpress.provider[\"registry.terraform.io/hashicorp/aws\"]",
      "instances": [
        {
          "schema_version": 1,
          "attributes": {
            "arn": "arn:aws:ec2:us-east-2:663466631530:subnet/subnet-0c1a3d6dbe037469d",
            "assign_ipv6_address_on_creation": false,
            "availability_zone": "us-east-2a",
            "availability_zone_id": "use2-az1",
            "cidr_block": "10.0.1.0/24",
            "customer_owned_ipv4_pool": "",
            "enable_dns64": false,
            "enable_resource_name_dns_a_record_on_launch": false,
            "enable_resource_name_dns_aaaa_record_on_launch": false,
            "id": "subnet-0c1a3d6dbe037469d",
            "ipv6_cidr_block": "",
            "ipv6_cidr_block_association_id": "",
            "ipv6_native": false,
            "map_customer_owned_ip_on_launch": false,
            "map_public_ip_on_launch": true,
            "outpost_arn": "",
            "owner_id": "663466631530",
            "private_dns_hostname_type_on_launch": "ip-name",
            "tags": {},
            "tags_all": {},
            "timeouts": null,
            "vpc_id": "vpc-0da116eb534800888"
          },
          "sensitive_attributes": [],
          "private": "eyJlMmJmYjczMC1lY2FhLTExZTYtOGY4OC0zNDM2M2JjN2M0YzAiOnsiY3JlYXRlIjo2MDAwMDAwMDAwMDAsImRlbGV0ZSI6MTIwMDAwMDAwMDAwMH0sInNjaGVtYV92ZXJzaW9uIjoiMSJ9",
          "dependencies": [
            "module.aws_wordpress.aws_vpc.prod-vpc"
          ]
        }
      ]
    },
    {
      "module": "module.aws_wordpress",
      "mode": "managed",
      "type": "aws_vpc",
      "name": "prod-vpc",
      "provider": "module.aws_wordpress.provider[\"registry.terraform.io/hashicorp/aws\"]",
      "instances": [
        {
          "schema_version": 1,
          "attributes": {
            "arn": "arn:aws:ec2:us-east-2:663466631530:vpc/vpc-0da116eb534800888",
            "assign_generated_ipv6_cidr_block": false,
            "cidr_block": "10.0.0.0/16",
            "default_network_acl_id": "acl-0c2d93341e8da9a2a",
            "default_route_table_id": "rtb-09cb7a1331d846b93",
            "default_security_group_id": "sg-02066a9131552f136",
            "dhcp_options_id": "dopt-0ba4656a986b3aa89",
            "enable_classiclink": false,
            "enable_classiclink_dns_support": false,
            "enable_dns_hostnames": true,
            "enable_dns_support": true,
            "id": "vpc-0da116eb534800888",
            "instance_tenancy": "default",
            "ipv4_ipam_pool_id": null,
            "ipv4_netmask_length": null,
            "ipv6_association_id": "",
            "ipv6_cidr_block": "",
            "ipv6_cidr_block_network_border_group": "",
            "ipv6_ipam_pool_id": "",
            "ipv6_netmask_length": 0,
            "main_route_table_id": "rtb-09cb7a1331d846b93",
            "owner_id": "663466631530",
            "tags": {},
            "tags_all": {}
          },
          "sensitive_attributes": [],
          "private": "eyJzY2hlbWFfdmVyc2lvbiI6IjEifQ=="
        }
      ]
    },
    {
      "module": "module.aws_wordpress",
      "mode": "managed",
      "type": "null_resource",
      "name": "Wordpress_Installation_Waiting",
      "provider": "provider[\"registry.terraform.io/hashicorp/null\"]",
      "instances": [
        {
          "schema_version": 0,
          "attributes": {
            "id": "1233776338685788193",
            "triggers": {
              "ec2_id": "i-06d154181abdd4a67",
              "rds_endpoint": "terraform-20221110135835656600000004.czuqiybxzo1w.us-east-2.rds.amazonaws.com:3306"
            }
          },
          "sensitive_attributes": [],
          "private": "bnVsbA==",
          "dependencies": [
            "module.aws_wordpress.aws_db_instance.wordpressdb",
            "module.aws_wordpress.aws_db_subnet_group.RDS_subnet_grp",
            "module.aws_wordpress.aws_eip.eip",
            "module.aws_wordpress.aws_instance.wordpressec2",
            "module.aws_wordpress.aws_key_pair.mykey-pair",
            "module.aws_wordpress.aws_security_group.RDS_allow_rule",
            "module.aws_wordpress.aws_security_group.ec2_allow_rule",
            "module.aws_wordpress.aws_subnet.prod-subnet-private-1",
            "module.aws_wordpress.aws_subnet.prod-subnet-private-2",
            "module.aws_wordpress.aws_subnet.prod-subnet-public-1",
            "module.aws_wordpress.aws_vpc.prod-vpc",
            "module.aws_wordpress.data.aws_ami.linux2",
            "module.aws_wordpress.data.aws_ami.ubuntu",
            "module.aws_wordpress.data.template_file.user_data"
          ]
        }
      ]
    }
  ]
}
